
Microsoft Visual Studio Solution File, Format Version 12.00
# Visual Studio 15
Project("{FAE04EC0-301F-11D3-BF4B-00C04F79EFBC}") = "Neon.Logging", "Src\Neon.Logging\Neon.Logging.csproj", "{18B30BCF-AFC4-47BB-AA90-26EF7A554DDF}"
EndProject
Project("{FAE04EC0-301F-11D3-BF4B-00C04F79EFBC}") = "Neon.Networking", "Src\Neon.Networking\Neon.Networking.csproj", "{DA270988-0F0F-4B6E-A6CB-82766E6F0086}"
EndProject
Project("{FAE04EC0-301F-11D3-BF4B-00C04F79EFBC}") = "Neon.Rpc", "Src\Neon.Rpc\Neon.Rpc.csproj", "{22F0C50C-1824-4125-B855-5F408D34A232}"
EndProject
Project("{FAE04EC0-301F-11D3-BF4B-00C04F79EFBC}") = "Neon.Util", "Src\Neon.Util\Neon.Util.csproj", "{4905F154-2F5B-46EF-B59D-F8417469B31E}"
EndProject
Project("{2150E333-8FDC-42A3-9474-1A3956D46DE8}") = "Src", "Src", "{B39956C1-8723-4E86-95BC-CD46BFB266F9}"
EndProject
Project("{2150E333-8FDC-42A3-9474-1A3956D46DE8}") = "Test", "Test", "{6F0630D9-AEAE-40F5-AF11-1EE7CB49840C}"
EndProject
Project("{FAE04EC0-301F-11D3-BF4B-00C04F79EFBC}") = "Neon.Test.TcpRpc", "Test\Neon.Test.TcpRpc\Neon.Test.TcpRpc.csproj", "{08810CDD-E223-4937-A121-EA490B91F82F}"
EndProject
Project("{FAE04EC0-301F-11D3-BF4B-00C04F79EFBC}") = "Neon.Test.Util", "Test\Neon.Test.Util\Neon.Test.Util.csproj", "{C6EDE6FE-A4A2-49E1-9288-23495B7446CE}"
EndProject
Project("{FAE04EC0-301F-11D3-BF4B-00C04F79EFBC}") = "Neon.Test.UdpRpc", "Test\Neon.Test.UdpRpc\Neon.Test.UdpRpc.csproj", "{17211461-E763-4FDB-96C3-9BB2771049FE}"
EndProject
Project("{FAE04EC0-301F-11D3-BF4B-00C04F79EFBC}") = "Neon.Test.Udp", "Test\Neon.Test.Udp\Neon.Test.Udp.csproj", "{F855025E-EF56-413A-A29B-5377EDBA6B9D}"
EndProject
Project("{FAE04EC0-301F-11D3-BF4B-00C04F79EFBC}") = "Neon.Test.Tcp", "Test\Neon.Test.Tcp\Neon.Test.Tcp.csproj", "{4274956B-B573-4535-BD06-C8DC2CD1AC3B}"
EndProject
Global
	GlobalSection(SolutionConfigurationPlatforms) = preSolution
		Debug|Any CPU = Debug|Any CPU
		Release|Any CPU = Release|Any CPU
	EndGlobalSection
	GlobalSection(ProjectConfigurationPlatforms) = postSolution
		{18B30BCF-AFC4-47BB-AA90-26EF7A554DDF}.Debug|Any CPU.ActiveCfg = Debug|Any CPU
		{18B30BCF-AFC4-47BB-AA90-26EF7A554DDF}.Debug|Any CPU.Build.0 = Debug|Any CPU
		{18B30BCF-AFC4-47BB-AA90-26EF7A554DDF}.Release|Any CPU.ActiveCfg = Release|Any CPU
		{18B30BCF-AFC4-47BB-AA90-26EF7A554DDF}.Release|Any CPU.Build.0 = Release|Any CPU
		{DA270988-0F0F-4B6E-A6CB-82766E6F0086}.Debug|Any CPU.ActiveCfg = Debug|Any CPU
		{DA270988-0F0F-4B6E-A6CB-82766E6F0086}.Debug|Any CPU.Build.0 = Debug|Any CPU
		{DA270988-0F0F-4B6E-A6CB-82766E6F0086}.Release|Any CPU.ActiveCfg = Release|Any CPU
		{DA270988-0F0F-4B6E-A6CB-82766E6F0086}.Release|Any CPU.Build.0 = Release|Any CPU
		{22F0C50C-1824-4125-B855-5F408D34A232}.Debug|Any CPU.ActiveCfg = Debug|Any CPU
		{22F0C50C-1824-4125-B855-5F408D34A232}.Debug|Any CPU.Build.0 = Debug|Any CPU
		{22F0C50C-1824-4125-B855-5F408D34A232}.Release|Any CPU.ActiveCfg = Release|Any CPU
		{22F0C50C-1824-4125-B855-5F408D34A232}.Release|Any CPU.Build.0 = Release|Any CPU
		{4905F154-2F5B-46EF-B59D-F8417469B31E}.Debug|Any CPU.ActiveCfg = Debug|Any CPU
		{4905F154-2F5B-46EF-B59D-F8417469B31E}.Debug|Any CPU.Build.0 = Debug|Any CPU
		{4905F154-2F5B-46EF-B59D-F8417469B31E}.Release|Any CPU.ActiveCfg = Release|Any CPU
		{4905F154-2F5B-46EF-B59D-F8417469B31E}.Release|Any CPU.Build.0 = Release|Any CPU
		{08810CDD-E223-4937-A121-EA490B91F82F}.Debug|Any CPU.ActiveCfg = Debug|Any CPU
		{08810CDD-E223-4937-A121-EA490B91F82F}.Debug|Any CPU.Build.0 = Debug|Any CPU
		{08810CDD-E223-4937-A121-EA490B91F82F}.Release|Any CPU.ActiveCfg = Release|Any CPU
		{08810CDD-E223-4937-A121-EA490B91F82F}.Release|Any CPU.Build.0 = Release|Any CPU
		{C6EDE6FE-A4A2-49E1-9288-23495B7446CE}.Debug|Any CPU.ActiveCfg = Debug|Any CPU
		{C6EDE6FE-A4A2-49E1-9288-23495B7446CE}.Debug|Any CPU.Build.0 = Debug|Any CPU
		{C6EDE6FE-A4A2-49E1-9288-23495B7446CE}.Release|Any CPU.ActiveCfg = Release|Any CPU
		{C6EDE6FE-A4A2-49E1-9288-23495B7446CE}.Release|Any CPU.Build.0 = Release|Any CPU
		{17211461-E763-4FDB-96C3-9BB2771049FE}.Debug|Any CPU.ActiveCfg = Debug|Any CPU
		{17211461-E763-4FDB-96C3-9BB2771049FE}.Debug|Any CPU.Build.0 = Debug|Any CPU
		{17211461-E763-4FDB-96C3-9BB2771049FE}.Release|Any CPU.ActiveCfg = Release|Any CPU
		{17211461-E763-4FDB-96C3-9BB2771049FE}.Release|Any CPU.Build.0 = Release|Any CPU
		{F855025E-EF56-413A-A29B-5377EDBA6B9D}.Debug|Any CPU.ActiveCfg = Debug|Any CPU
		{F855025E-EF56-413A-A29B-5377EDBA6B9D}.Debug|Any CPU.Build.0 = Debug|Any CPU
		{F855025E-EF56-413A-A29B-5377EDBA6B9D}.Release|Any CPU.ActiveCfg = Release|Any CPU
		{F855025E-EF56-413A-A29B-5377EDBA6B9D}.Release|Any CPU.Build.0 = Release|Any CPU
		{4274956B-B573-4535-BD06-C8DC2CD1AC3B}.Debug|Any CPU.ActiveCfg = Debug|Any CPU
		{4274956B-B573-4535-BD06-C8DC2CD1AC3B}.Debug|Any CPU.Build.0 = Debug|Any CPU
		{4274956B-B573-4535-BD06-C8DC2CD1AC3B}.Release|Any CPU.ActiveCfg = Release|Any CPU
		{4274956B-B573-4535-BD06-C8DC2CD1AC3B}.Release|Any CPU.Build.0 = Release|Any CPU
	EndGlobalSection
	GlobalSection(NestedProjects) = preSolution
		{18B30BCF-AFC4-47BB-AA90-26EF7A554DDF} = {B39956C1-8723-4E86-95BC-CD46BFB266F9}
		{DA270988-0F0F-4B6E-A6CB-82766E6F0086} = {B39956C1-8723-4E86-95BC-CD46BFB266F9}
		{22F0C50C-1824-4125-B855-5F408D34A232} = {B39956C1-8723-4E86-95BC-CD46BFB266F9}
		{4905F154-2F5B-46EF-B59D-F8417469B31E} = {B39956C1-8723-4E86-95BC-CD46BFB266F9}
		{08810CDD-E223-4937-A121-EA490B91F82F} = {6F0630D9-AEAE-40F5-AF11-1EE7CB49840C}
		{C6EDE6FE-A4A2-49E1-9288-23495B7446CE} = {6F0630D9-AEAE-40F5-AF11-1EE7CB49840C}
		{17211461-E763-4FDB-96C3-9BB2771049FE} = {6F0630D9-AEAE-40F5-AF11-1EE7CB49840C}
		{F855025E-EF56-413A-A29B-5377EDBA6B9D} = {6F0630D9-AEAE-40F5-AF11-1EE7CB49840C}
		{4274956B-B573-4535-BD06-C8DC2CD1AC3B} = {6F0630D9-AEAE-40F5-AF11-1EE7CB49840C}
	EndGlobalSection
EndGlobal
