
Microsoft Visual Studio Solution File, Format Version 12.00
Project("{FAE04EC0-301F-11D3-BF4B-00C04F79EFBC}") = "NeonServer", ".\Server\NeonServer.csproj", "{BD4815A8-DF52-4DF0-8D72-F0AC38E01DB8}"
EndProject
Project("{FAE04EC0-301F-11D3-BF4B-00C04F79EFBC}") = "CommonLib", "CommonLib\CommonLib.csproj", "{5ACFF92F-039A-4EA5-85CD-AA9DFC22D514}"
EndProject
Global
	GlobalSection(SolutionConfigurationPlatforms) = preSolution
		Debug|Any CPU = Debug|Any CPU
		Release|Any CPU = Release|Any CPU
	EndGlobalSection
	GlobalSection(ProjectConfigurationPlatforms) = postSolution
		{BD4815A8-DF52-4DF0-8D72-F0AC38E01DB8}.Debug|Any CPU.ActiveCfg = Debug|Any CPU
		{BD4815A8-DF52-4DF0-8D72-F0AC38E01DB8}.Debug|Any CPU.Build.0 = Debug|Any CPU
		{BD4815A8-DF52-4DF0-8D72-F0AC38E01DB8}.Release|Any CPU.ActiveCfg = Release|Any CPU
		{BD4815A8-DF52-4DF0-8D72-F0AC38E01DB8}.Release|Any CPU.Build.0 = Release|Any CPU
		{5ACFF92F-039A-4EA5-85CD-AA9DFC22D514}.Debug|Any CPU.ActiveCfg = Debug|Any CPU
		{5ACFF92F-039A-4EA5-85CD-AA9DFC22D514}.Debug|Any CPU.Build.0 = Debug|Any CPU
		{5ACFF92F-039A-4EA5-85CD-AA9DFC22D514}.Release|Any CPU.ActiveCfg = Release|Any CPU
		{5ACFF92F-039A-4EA5-85CD-AA9DFC22D514}.Release|Any CPU.Build.0 = Release|Any CPU
	EndGlobalSection
	GlobalSection(NestedProjects) = preSolution
	EndGlobalSection
EndGlobal
